// !$*UTF8*$!
{
	archiveVersion = 1;
	classes = {
	};
	objectVersion = 56;
	objects = {

/* Begin PBXBuildFile section */
		5C054DA92C2921E8000E4FF0 /* CameraView.swift in Sources */ = {isa = PBXBuildFile; fileRef = 5C054DA82C2921E8000E4FF0 /* CameraView.swift */; };
		5C054DAF2C292C16000E4FF0 /* CustomerTabBar.swift in Sources */ = {isa = PBXBuildFile; fileRef = 5C054DAE2C292C16000E4FF0 /* CustomerTabBar.swift */; };
		5C32588B2C28EA1D00B46DB8 /* testappApp.swift in Sources */ = {isa = PBXBuildFile; fileRef = 5C32588A2C28EA1D00B46DB8 /* testappApp.swift */; };
		5C32588D2C28EA1D00B46DB8 /* ContentView.swift in Sources */ = {isa = PBXBuildFile; fileRef = 5C32588C2C28EA1D00B46DB8 /* ContentView.swift */; };
		5C32588F2C28EA1E00B46DB8 /* Assets.xcassets in Resources */ = {isa = PBXBuildFile; fileRef = 5C32588E2C28EA1E00B46DB8 /* Assets.xcassets */; };
		5C3258922C28EA1E00B46DB8 /* Preview Assets.xcassets in Resources */ = {isa = PBXBuildFile; fileRef = 5C3258912C28EA1E00B46DB8 /* Preview Assets.xcassets */; };
		5C32589C2C28EA1E00B46DB8 /* testappTests.swift in Sources */ = {isa = PBXBuildFile; fileRef = 5C32589B2C28EA1E00B46DB8 /* testappTests.swift */; };
		5C3258A62C28EA1E00B46DB8 /* testappUITests.swift in Sources */ = {isa = PBXBuildFile; fileRef = 5C3258A52C28EA1E00B46DB8 /* testappUITests.swift */; };
		5C3258A82C28EA1E00B46DB8 /* testappUITestsLaunchTests.swift in Sources */ = {isa = PBXBuildFile; fileRef = 5C3258A72C28EA1E00B46DB8 /* testappUITestsLaunchTests.swift */; };
		7528CF612C784DA800A9F8A1 /* CameraServiceView.swift in Sources */ = {isa = PBXBuildFile; fileRef = 7528CF602C784DA800A9F8A1 /* CameraServiceView.swift */; };
		7528CF632C784DC700A9F8A1 /* CustomCameraView.swift in Sources */ = {isa = PBXBuildFile; fileRef = 7528CF622C784DC700A9F8A1 /* CustomCameraView.swift */; };
		7528CF652C784E4800A9F8A1 /* RetakeView.swift in Sources */ = {isa = PBXBuildFile; fileRef = 7528CF642C784E4800A9F8A1 /* RetakeView.swift */; };
		75F8FD032C569953006A3378 /* OpenAI in Frameworks */ = {isa = PBXBuildFile; productRef = 75F8FD022C569953006A3378 /* OpenAI */; };
		C173876A2C3B0A0700502877 /* HomeView.swift in Sources */ = {isa = PBXBuildFile; fileRef = C17387692C3B0A0700502877 /* HomeView.swift */; };
		C173876C2C3B0A4000502877 /* ProductView.swift in Sources */ = {isa = PBXBuildFile; fileRef = C173876B2C3B0A4000502877 /* ProductView.swift */; };
		C173876E2C3B0B1800502877 /* ChatView.swift in Sources */ = {isa = PBXBuildFile; fileRef = C173876D2C3B0B1800502877 /* ChatView.swift */; };
		C1A601C82C80CFEC005D6507 /* Product.swift in Sources */ = {isa = PBXBuildFile; fileRef = C1A601C72C80CFEC005D6507 /* Product.swift */; };
		C1A601CC2C80DC01005D6507 /* Detector.swift in Sources */ = {isa = PBXBuildFile; fileRef = C1A601CB2C80DC01005D6507 /* Detector.swift */; };
		C1A601CE2C80DCA5005D6507 /* acnedetector.mlpackage in Sources */ = {isa = PBXBuildFile; fileRef = C1A601CD2C80DCA5005D6507 /* acnedetector.mlpackage */; };
		C1A601D02C80F0EA005D6507 /* GeometryUtils.swift in Sources */ = {isa = PBXBuildFile; fileRef = C1A601CF2C80F0EA005D6507 /* GeometryUtils.swift */; };
		C1A601D62C8127E7005D6507 /* ResultsView.swift in Sources */ = {isa = PBXBuildFile; fileRef = C1A601D52C8127E7005D6507 /* ResultsView.swift */; };
		FB66CAEE2C555C1700F08852 /* User.swift in Sources */ = {isa = PBXBuildFile; fileRef = FB66CAED2C555C1700F08852 /* User.swift */; };
		FBB11A812C5552170073465C /* UserProfileView.swift in Sources */ = {isa = PBXBuildFile; fileRef = FBB11A802C5552170073465C /* UserProfileView.swift */; };
/* End PBXBuildFile section */

/* Begin PBXContainerItemProxy section */
		5C3258982C28EA1E00B46DB8 /* PBXContainerItemProxy */ = {
			isa = PBXContainerItemProxy;
			containerPortal = 5C32587F2C28EA1D00B46DB8 /* Project object */;
			proxyType = 1;
			remoteGlobalIDString = 5C3258862C28EA1D00B46DB8;
			remoteInfo = testapp;
		};
		5C3258A22C28EA1E00B46DB8 /* PBXContainerItemProxy */ = {
			isa = PBXContainerItemProxy;
			containerPortal = 5C32587F2C28EA1D00B46DB8 /* Project object */;
			proxyType = 1;
			remoteGlobalIDString = 5C3258862C28EA1D00B46DB8;
			remoteInfo = testapp;
		};
/* End PBXContainerItemProxy section */

/* Begin PBXFileReference section */
		5C054DA82C2921E8000E4FF0 /* CameraView.swift */ = {isa = PBXFileReference; lastKnownFileType = sourcecode.swift; path = CameraView.swift; sourceTree = "<group>"; };
		5C054DAE2C292C16000E4FF0 /* CustomerTabBar.swift */ = {isa = PBXFileReference; lastKnownFileType = sourcecode.swift; path = CustomerTabBar.swift; sourceTree = "<group>"; };
		5C3258872C28EA1D00B46DB8 /* testapp.app */ = {isa = PBXFileReference; explicitFileType = wrapper.application; includeInIndex = 0; path = testapp.app; sourceTree = BUILT_PRODUCTS_DIR; };
		5C32588A2C28EA1D00B46DB8 /* testappApp.swift */ = {isa = PBXFileReference; lastKnownFileType = sourcecode.swift; path = testappApp.swift; sourceTree = "<group>"; };
		5C32588C2C28EA1D00B46DB8 /* ContentView.swift */ = {isa = PBXFileReference; lastKnownFileType = sourcecode.swift; path = ContentView.swift; sourceTree = "<group>"; };
		5C32588E2C28EA1E00B46DB8 /* Assets.xcassets */ = {isa = PBXFileReference; lastKnownFileType = folder.assetcatalog; path = Assets.xcassets; sourceTree = "<group>"; };
		5C3258912C28EA1E00B46DB8 /* Preview Assets.xcassets */ = {isa = PBXFileReference; lastKnownFileType = folder.assetcatalog; path = "Preview Assets.xcassets"; sourceTree = "<group>"; };
		5C3258972C28EA1E00B46DB8 /* testappTests.xctest */ = {isa = PBXFileReference; explicitFileType = wrapper.cfbundle; includeInIndex = 0; path = testappTests.xctest; sourceTree = BUILT_PRODUCTS_DIR; };
		5C32589B2C28EA1E00B46DB8 /* testappTests.swift */ = {isa = PBXFileReference; lastKnownFileType = sourcecode.swift; path = testappTests.swift; sourceTree = "<group>"; };
		5C3258A12C28EA1E00B46DB8 /* testappUITests.xctest */ = {isa = PBXFileReference; explicitFileType = wrapper.cfbundle; includeInIndex = 0; path = testappUITests.xctest; sourceTree = BUILT_PRODUCTS_DIR; };
		5C3258A52C28EA1E00B46DB8 /* testappUITests.swift */ = {isa = PBXFileReference; lastKnownFileType = sourcecode.swift; path = testappUITests.swift; sourceTree = "<group>"; };
		5C3258A72C28EA1E00B46DB8 /* testappUITestsLaunchTests.swift */ = {isa = PBXFileReference; lastKnownFileType = sourcecode.swift; path = testappUITestsLaunchTests.swift; sourceTree = "<group>"; };
		5CFE9FDC2C7E6C170018926E /* Info.plist */ = {isa = PBXFileReference; lastKnownFileType = text.plist; path = Info.plist; sourceTree = "<group>"; };
		7528CF602C784DA800A9F8A1 /* CameraServiceView.swift */ = {isa = PBXFileReference; lastKnownFileType = sourcecode.swift; path = CameraServiceView.swift; sourceTree = "<group>"; };
		7528CF622C784DC700A9F8A1 /* CustomCameraView.swift */ = {isa = PBXFileReference; lastKnownFileType = sourcecode.swift; path = CustomCameraView.swift; sourceTree = "<group>"; };
		7528CF642C784E4800A9F8A1 /* RetakeView.swift */ = {isa = PBXFileReference; lastKnownFileType = sourcecode.swift; path = RetakeView.swift; sourceTree = "<group>"; };
		C17387692C3B0A0700502877 /* HomeView.swift */ = {isa = PBXFileReference; lastKnownFileType = sourcecode.swift; path = HomeView.swift; sourceTree = "<group>"; };
		C173876B2C3B0A4000502877 /* ProductView.swift */ = {isa = PBXFileReference; lastKnownFileType = sourcecode.swift; path = ProductView.swift; sourceTree = "<group>"; };
		C173876D2C3B0B1800502877 /* ChatView.swift */ = {isa = PBXFileReference; lastKnownFileType = sourcecode.swift; path = ChatView.swift; sourceTree = "<group>"; };
		C1A601C72C80CFEC005D6507 /* Product.swift */ = {isa = PBXFileReference; lastKnownFileType = sourcecode.swift; path = Product.swift; sourceTree = "<group>"; };
		C1A601CB2C80DC01005D6507 /* Detector.swift */ = {isa = PBXFileReference; lastKnownFileType = sourcecode.swift; path = Detector.swift; sourceTree = "<group>"; };
		C1A601CD2C80DCA5005D6507 /* acnedetector.mlpackage */ = {isa = PBXFileReference; lastKnownFileType = folder.mlpackage; name = acnedetector.mlpackage; path = ../../../swifttest/testapp/testapp/acnedetector.mlpackage; sourceTree = "<group>"; };
		C1A601CF2C80F0EA005D6507 /* GeometryUtils.swift */ = {isa = PBXFileReference; lastKnownFileType = sourcecode.swift; path = GeometryUtils.swift; sourceTree = "<group>"; };
		C1A601D52C8127E7005D6507 /* ResultsView.swift */ = {isa = PBXFileReference; lastKnownFileType = sourcecode.swift; path = ResultsView.swift; sourceTree = "<group>"; };
		FB66CAED2C555C1700F08852 /* User.swift */ = {isa = PBXFileReference; lastKnownFileType = sourcecode.swift; path = User.swift; sourceTree = "<group>"; };
		FBB11A802C5552170073465C /* UserProfileView.swift */ = {isa = PBXFileReference; lastKnownFileType = sourcecode.swift; path = UserProfileView.swift; sourceTree = "<group>"; };
/* End PBXFileReference section */

/* Begin PBXFrameworksBuildPhase section */
		5C3258842C28EA1D00B46DB8 /* Frameworks */ = {
			isa = PBXFrameworksBuildPhase;
			buildActionMask = 2147483647;
			files = (
				75F8FD032C569953006A3378 /* OpenAI in Frameworks */,
			);
			runOnlyForDeploymentPostprocessing = 0;
		};
		5C3258942C28EA1E00B46DB8 /* Frameworks */ = {
			isa = PBXFrameworksBuildPhase;
			buildActionMask = 2147483647;
			files = (
			);
			runOnlyForDeploymentPostprocessing = 0;
		};
		5C32589E2C28EA1E00B46DB8 /* Frameworks */ = {
			isa = PBXFrameworksBuildPhase;
			buildActionMask = 2147483647;
			files = (
			);
			runOnlyForDeploymentPostprocessing = 0;
		};
/* End PBXFrameworksBuildPhase section */

/* Begin PBXGroup section */
		5C32587E2C28EA1D00B46DB8 = {
			isa = PBXGroup;
			children = (
				FBB11A7F2C554EE70073465C /* Database */,
				5C3258892C28EA1D00B46DB8 /* testapp */,
				5C32589A2C28EA1E00B46DB8 /* testappTests */,
				5C3258A42C28EA1E00B46DB8 /* testappUITests */,
				5C3258882C28EA1D00B46DB8 /* Products */,
				75F8FD012C569953006A3378 /* Frameworks */,
			);
			sourceTree = "<group>";
		};
		5C3258882C28EA1D00B46DB8 /* Products */ = {
			isa = PBXGroup;
			children = (
				5C3258872C28EA1D00B46DB8 /* testapp.app */,
				5C3258972C28EA1E00B46DB8 /* testappTests.xctest */,
				5C3258A12C28EA1E00B46DB8 /* testappUITests.xctest */,
			);
			name = Products;
			sourceTree = "<group>";
		};
		5C3258892C28EA1D00B46DB8 /* testapp */ = {
			isa = PBXGroup;
			children = (
				5CFE9FDC2C7E6C170018926E /* Info.plist */,
				5C32588A2C28EA1D00B46DB8 /* testappApp.swift */,
				5C32588C2C28EA1D00B46DB8 /* ContentView.swift */,
				C17387692C3B0A0700502877 /* HomeView.swift */,
				C173876D2C3B0B1800502877 /* ChatView.swift */,
				C173876B2C3B0A4000502877 /* ProductView.swift */,
				5C054DA82C2921E8000E4FF0 /* CameraView.swift */,
				C1A601D52C8127E7005D6507 /* ResultsView.swift */,
				7528CF642C784E4800A9F8A1 /* RetakeView.swift */,
				7528CF602C784DA800A9F8A1 /* CameraServiceView.swift */,
				7528CF622C784DC700A9F8A1 /* CustomCameraView.swift */,
				5C054DAE2C292C16000E4FF0 /* CustomerTabBar.swift */,
				C1A601CF2C80F0EA005D6507 /* GeometryUtils.swift */,
				C1A601CB2C80DC01005D6507 /* Detector.swift */,
				C1A601CD2C80DCA5005D6507 /* acnedetector.mlpackage */,
				FBB11A802C5552170073465C /* UserProfileView.swift */,
				5C32588E2C28EA1E00B46DB8 /* Assets.xcassets */,
				5C3258902C28EA1E00B46DB8 /* Preview Content */,
			);
			path = testapp;
			sourceTree = "<group>";
		};
		5C3258902C28EA1E00B46DB8 /* Preview Content */ = {
			isa = PBXGroup;
			children = (
				5C3258912C28EA1E00B46DB8 /* Preview Assets.xcassets */,
			);
			path = "Preview Content";
			sourceTree = "<group>";
		};
		5C32589A2C28EA1E00B46DB8 /* testappTests */ = {
			isa = PBXGroup;
			children = (
				5C32589B2C28EA1E00B46DB8 /* testappTests.swift */,
			);
			path = testappTests;
			sourceTree = "<group>";
		};
		5C3258A42C28EA1E00B46DB8 /* testappUITests */ = {
			isa = PBXGroup;
			children = (
				5C3258A52C28EA1E00B46DB8 /* testappUITests.swift */,
				5C3258A72C28EA1E00B46DB8 /* testappUITestsLaunchTests.swift */,
			);
			path = testappUITests;
			sourceTree = "<group>";
		};
		75F8FD012C569953006A3378 /* Frameworks */ = {
			isa = PBXGroup;
			children = (
			);
			name = Frameworks;
			sourceTree = "<group>";
		};
		FBB11A7F2C554EE70073465C /* Database */ = {
			isa = PBXGroup;
			children = (
				FB66CAED2C555C1700F08852 /* User.swift */,
				C1A601C72C80CFEC005D6507 /* Product.swift */,
			);
			path = Database;
			sourceTree = "<group>";
		};
/* End PBXGroup section */

/* Begin PBXNativeTarget section */
		5C3258862C28EA1D00B46DB8 /* testapp */ = {
			isa = PBXNativeTarget;
			buildConfigurationList = 5C3258AB2C28EA1E00B46DB8 /* Build configuration list for PBXNativeTarget "testapp" */;
			buildPhases = (
				5C3258832C28EA1D00B46DB8 /* Sources */,
				5C3258842C28EA1D00B46DB8 /* Frameworks */,
				5C3258852C28EA1D00B46DB8 /* Resources */,
			);
			buildRules = (
			);
			dependencies = (
			);
			name = testapp;
			packageProductDependencies = (
				75F8FD022C569953006A3378 /* OpenAI */,
			);
			productName = testapp;
			productReference = 5C3258872C28EA1D00B46DB8 /* testapp.app */;
			productType = "com.apple.product-type.application";
		};
		5C3258962C28EA1E00B46DB8 /* testappTests */ = {
			isa = PBXNativeTarget;
			buildConfigurationList = 5C3258AE2C28EA1E00B46DB8 /* Build configuration list for PBXNativeTarget "testappTests" */;
			buildPhases = (
				5C3258932C28EA1E00B46DB8 /* Sources */,
				5C3258942C28EA1E00B46DB8 /* Frameworks */,
				5C3258952C28EA1E00B46DB8 /* Resources */,
			);
			buildRules = (
			);
			dependencies = (
				5C3258992C28EA1E00B46DB8 /* PBXTargetDependency */,
			);
			name = testappTests;
			productName = testappTests;
			productReference = 5C3258972C28EA1E00B46DB8 /* testappTests.xctest */;
			productType = "com.apple.product-type.bundle.unit-test";
		};
		5C3258A02C28EA1E00B46DB8 /* testappUITests */ = {
			isa = PBXNativeTarget;
			buildConfigurationList = 5C3258B12C28EA1E00B46DB8 /* Build configuration list for PBXNativeTarget "testappUITests" */;
			buildPhases = (
				5C32589D2C28EA1E00B46DB8 /* Sources */,
				5C32589E2C28EA1E00B46DB8 /* Frameworks */,
				5C32589F2C28EA1E00B46DB8 /* Resources */,
			);
			buildRules = (
			);
			dependencies = (
				5C3258A32C28EA1E00B46DB8 /* PBXTargetDependency */,
			);
			name = testappUITests;
			productName = testappUITests;
			productReference = 5C3258A12C28EA1E00B46DB8 /* testappUITests.xctest */;
			productType = "com.apple.product-type.bundle.ui-testing";
		};
/* End PBXNativeTarget section */

/* Begin PBXProject section */
		5C32587F2C28EA1D00B46DB8 /* Project object */ = {
			isa = PBXProject;
			attributes = {
				BuildIndependentTargetsInParallel = 1;
				LastSwiftUpdateCheck = 1520;
				LastUpgradeCheck = 1520;
				TargetAttributes = {
					5C3258862C28EA1D00B46DB8 = {
						CreatedOnToolsVersion = 15.2;
					};
					5C3258962C28EA1E00B46DB8 = {
						CreatedOnToolsVersion = 15.2;
						TestTargetID = 5C3258862C28EA1D00B46DB8;
					};
					5C3258A02C28EA1E00B46DB8 = {
						CreatedOnToolsVersion = 15.2;
						TestTargetID = 5C3258862C28EA1D00B46DB8;
					};
				};
			};
			buildConfigurationList = 5C3258822C28EA1D00B46DB8 /* Build configuration list for PBXProject "testapp" */;
			compatibilityVersion = "Xcode 14.0";
			developmentRegion = en;
			hasScannedForEncodings = 0;
			knownRegions = (
				en,
				Base,
			);
			mainGroup = 5C32587E2C28EA1D00B46DB8;
			packageReferences = (
				75F8FD002C569943006A3378 /* XCRemoteSwiftPackageReference "OpenAI" */,
			);
			productRefGroup = 5C3258882C28EA1D00B46DB8 /* Products */;
			projectDirPath = "";
			projectRoot = "";
			targets = (
				5C3258862C28EA1D00B46DB8 /* testapp */,
				5C3258962C28EA1E00B46DB8 /* testappTests */,
				5C3258A02C28EA1E00B46DB8 /* testappUITests */,
			);
		};
/* End PBXProject section */

/* Begin PBXResourcesBuildPhase section */
		5C3258852C28EA1D00B46DB8 /* Resources */ = {
			isa = PBXResourcesBuildPhase;
			buildActionMask = 2147483647;
			files = (
				5C3258922C28EA1E00B46DB8 /* Preview Assets.xcassets in Resources */,
				5C32588F2C28EA1E00B46DB8 /* Assets.xcassets in Resources */,
			);
			runOnlyForDeploymentPostprocessing = 0;
		};
		5C3258952C28EA1E00B46DB8 /* Resources */ = {
			isa = PBXResourcesBuildPhase;
			buildActionMask = 2147483647;
			files = (
			);
			runOnlyForDeploymentPostprocessing = 0;
		};
		5C32589F2C28EA1E00B46DB8 /* Resources */ = {
			isa = PBXResourcesBuildPhase;
			buildActionMask = 2147483647;
			files = (
			);
			runOnlyForDeploymentPostprocessing = 0;
		};
/* End PBXResourcesBuildPhase section */

/* Begin PBXSourcesBuildPhase section */
		5C3258832C28EA1D00B46DB8 /* Sources */ = {
			isa = PBXSourcesBuildPhase;
			buildActionMask = 2147483647;
			files = (
				5C32588D2C28EA1D00B46DB8 /* ContentView.swift in Sources */,
				C1A601CC2C80DC01005D6507 /* Detector.swift in Sources */,
				FBB11A812C5552170073465C /* UserProfileView.swift in Sources */,
				5C054DAF2C292C16000E4FF0 /* CustomerTabBar.swift in Sources */,
				5C32588B2C28EA1D00B46DB8 /* testappApp.swift in Sources */,
				C173876A2C3B0A0700502877 /* HomeView.swift in Sources */,
				C1A601CE2C80DCA5005D6507 /* acnedetector.mlpackage in Sources */,
				7528CF612C784DA800A9F8A1 /* CameraServiceView.swift in Sources */,
				7528CF652C784E4800A9F8A1 /* RetakeView.swift in Sources */,
				FB66CAEE2C555C1700F08852 /* User.swift in Sources */,
				7528CF632C784DC700A9F8A1 /* CustomCameraView.swift in Sources */,
				C1A601D02C80F0EA005D6507 /* GeometryUtils.swift in Sources */,
				C173876E2C3B0B1800502877 /* ChatView.swift in Sources */,
				C173876C2C3B0A4000502877 /* ProductView.swift in Sources */,
				5C054DA92C2921E8000E4FF0 /* CameraView.swift in Sources */,
				C1A601D62C8127E7005D6507 /* ResultsView.swift in Sources */,
				C1A601C82C80CFEC005D6507 /* Product.swift in Sources */,
			);
			runOnlyForDeploymentPostprocessing = 0;
		};
		5C3258932C28EA1E00B46DB8 /* Sources */ = {
			isa = PBXSourcesBuildPhase;
			buildActionMask = 2147483647;
			files = (
				5C32589C2C28EA1E00B46DB8 /* testappTests.swift in Sources */,
			);
			runOnlyForDeploymentPostprocessing = 0;
		};
		5C32589D2C28EA1E00B46DB8 /* Sources */ = {
			isa = PBXSourcesBuildPhase;
			buildActionMask = 2147483647;
			files = (
				5C3258A82C28EA1E00B46DB8 /* testappUITestsLaunchTests.swift in Sources */,
				5C3258A62C28EA1E00B46DB8 /* testappUITests.swift in Sources */,
			);
			runOnlyForDeploymentPostprocessing = 0;
		};
/* End PBXSourcesBuildPhase section */

/* Begin PBXTargetDependency section */
		5C3258992C28EA1E00B46DB8 /* PBXTargetDependency */ = {
			isa = PBXTargetDependency;
			target = 5C3258862C28EA1D00B46DB8 /* testapp */;
			targetProxy = 5C3258982C28EA1E00B46DB8 /* PBXContainerItemProxy */;
		};
		5C3258A32C28EA1E00B46DB8 /* PBXTargetDependency */ = {
			isa = PBXTargetDependency;
			target = 5C3258862C28EA1D00B46DB8 /* testapp */;
			targetProxy = 5C3258A22C28EA1E00B46DB8 /* PBXContainerItemProxy */;
		};
/* End PBXTargetDependency section */

/* Begin XCBuildConfiguration section */
		5C3258A92C28EA1E00B46DB8 /* Debug */ = {
			isa = XCBuildConfiguration;
			buildSettings = {
				ALWAYS_SEARCH_USER_PATHS = NO;
				ASSETCATALOG_COMPILER_GENERATE_SWIFT_ASSET_SYMBOL_EXTENSIONS = YES;
				CLANG_ANALYZER_NONNULL = YES;
				CLANG_ANALYZER_NUMBER_OBJECT_CONVERSION = YES_AGGRESSIVE;
				CLANG_CXX_LANGUAGE_STANDARD = "gnu++20";
				CLANG_ENABLE_MODULES = YES;
				CLANG_ENABLE_OBJC_ARC = YES;
				CLANG_ENABLE_OBJC_WEAK = YES;
				CLANG_WARN_BLOCK_CAPTURE_AUTORELEASING = YES;
				CLANG_WARN_BOOL_CONVERSION = YES;
				CLANG_WARN_COMMA = YES;
				CLANG_WARN_CONSTANT_CONVERSION = YES;
				CLANG_WARN_DEPRECATED_OBJC_IMPLEMENTATIONS = YES;
				CLANG_WARN_DIRECT_OBJC_ISA_USAGE = YES_ERROR;
				CLANG_WARN_DOCUMENTATION_COMMENTS = YES;
				CLANG_WARN_EMPTY_BODY = YES;
				CLANG_WARN_ENUM_CONVERSION = YES;
				CLANG_WARN_INFINITE_RECURSION = YES;
				CLANG_WARN_INT_CONVERSION = YES;
				CLANG_WARN_NON_LITERAL_NULL_CONVERSION = YES;
				CLANG_WARN_OBJC_IMPLICIT_RETAIN_SELF = YES;
				CLANG_WARN_OBJC_LITERAL_CONVERSION = YES;
				CLANG_WARN_OBJC_ROOT_CLASS = YES_ERROR;
				CLANG_WARN_QUOTED_INCLUDE_IN_FRAMEWORK_HEADER = YES;
				CLANG_WARN_RANGE_LOOP_ANALYSIS = YES;
				CLANG_WARN_STRICT_PROTOTYPES = YES;
				CLANG_WARN_SUSPICIOUS_MOVE = YES;
				CLANG_WARN_UNGUARDED_AVAILABILITY = YES_AGGRESSIVE;
				CLANG_WARN_UNREACHABLE_CODE = YES;
				CLANG_WARN__DUPLICATE_METHOD_MATCH = YES;
				COPY_PHASE_STRIP = NO;
				DEBUG_INFORMATION_FORMAT = dwarf;
				ENABLE_STRICT_OBJC_MSGSEND = YES;
				ENABLE_TESTABILITY = YES;
				ENABLE_USER_SCRIPT_SANDBOXING = YES;
				GCC_C_LANGUAGE_STANDARD = gnu17;
				GCC_DYNAMIC_NO_PIC = NO;
				GCC_NO_COMMON_BLOCKS = YES;
				GCC_OPTIMIZATION_LEVEL = 0;
				GCC_PREPROCESSOR_DEFINITIONS = (
					"DEBUG=1",
					"$(inherited)",
				);
				GCC_WARN_64_TO_32_BIT_CONVERSION = YES;
				GCC_WARN_ABOUT_RETURN_TYPE = YES_ERROR;
				GCC_WARN_UNDECLARED_SELECTOR = YES;
				GCC_WARN_UNINITIALIZED_AUTOS = YES_AGGRESSIVE;
				GCC_WARN_UNUSED_FUNCTION = YES;
				GCC_WARN_UNUSED_VARIABLE = YES;
				IPHONEOS_DEPLOYMENT_TARGET = 17.2;
				LOCALIZATION_PREFERS_STRING_CATALOGS = YES;
				MTL_ENABLE_DEBUG_INFO = INCLUDE_SOURCE;
				MTL_FAST_MATH = YES;
				ONLY_ACTIVE_ARCH = YES;
				SDKROOT = iphoneos;
				SWIFT_ACTIVE_COMPILATION_CONDITIONS = "DEBUG $(inherited)";
				SWIFT_OPTIMIZATION_LEVEL = "-Onone";
			};
			name = Debug;
		};
		5C3258AA2C28EA1E00B46DB8 /* Release */ = {
			isa = XCBuildConfiguration;
			buildSettings = {
				ALWAYS_SEARCH_USER_PATHS = NO;
				ASSETCATALOG_COMPILER_GENERATE_SWIFT_ASSET_SYMBOL_EXTENSIONS = YES;
				CLANG_ANALYZER_NONNULL = YES;
				CLANG_ANALYZER_NUMBER_OBJECT_CONVERSION = YES_AGGRESSIVE;
				CLANG_CXX_LANGUAGE_STANDARD = "gnu++20";
				CLANG_ENABLE_MODULES = YES;
				CLANG_ENABLE_OBJC_ARC = YES;
				CLANG_ENABLE_OBJC_WEAK = YES;
				CLANG_WARN_BLOCK_CAPTURE_AUTORELEASING = YES;
				CLANG_WARN_BOOL_CONVERSION = YES;
				CLANG_WARN_COMMA = YES;
				CLANG_WARN_CONSTANT_CONVERSION = YES;
				CLANG_WARN_DEPRECATED_OBJC_IMPLEMENTATIONS = YES;
				CLANG_WARN_DIRECT_OBJC_ISA_USAGE = YES_ERROR;
				CLANG_WARN_DOCUMENTATION_COMMENTS = YES;
				CLANG_WARN_EMPTY_BODY = YES;
				CLANG_WARN_ENUM_CONVERSION = YES;
				CLANG_WARN_INFINITE_RECURSION = YES;
				CLANG_WARN_INT_CONVERSION = YES;
				CLANG_WARN_NON_LITERAL_NULL_CONVERSION = YES;
				CLANG_WARN_OBJC_IMPLICIT_RETAIN_SELF = YES;
				CLANG_WARN_OBJC_LITERAL_CONVERSION = YES;
				CLANG_WARN_OBJC_ROOT_CLASS = YES_ERROR;
				CLANG_WARN_QUOTED_INCLUDE_IN_FRAMEWORK_HEADER = YES;
				CLANG_WARN_RANGE_LOOP_ANALYSIS = YES;
				CLANG_WARN_STRICT_PROTOTYPES = YES;
				CLANG_WARN_SUSPICIOUS_MOVE = YES;
				CLANG_WARN_UNGUARDED_AVAILABILITY = YES_AGGRESSIVE;
				CLANG_WARN_UNREACHABLE_CODE = YES;
				CLANG_WARN__DUPLICATE_METHOD_MATCH = YES;
				COPY_PHASE_STRIP = NO;
				DEBUG_INFORMATION_FORMAT = "dwarf-with-dsym";
				ENABLE_NS_ASSERTIONS = NO;
				ENABLE_STRICT_OBJC_MSGSEND = YES;
				ENABLE_USER_SCRIPT_SANDBOXING = YES;
				GCC_C_LANGUAGE_STANDARD = gnu17;
				GCC_NO_COMMON_BLOCKS = YES;
				GCC_WARN_64_TO_32_BIT_CONVERSION = YES;
				GCC_WARN_ABOUT_RETURN_TYPE = YES_ERROR;
				GCC_WARN_UNDECLARED_SELECTOR = YES;
				GCC_WARN_UNINITIALIZED_AUTOS = YES_AGGRESSIVE;
				GCC_WARN_UNUSED_FUNCTION = YES;
				GCC_WARN_UNUSED_VARIABLE = YES;
				IPHONEOS_DEPLOYMENT_TARGET = 17.2;
				LOCALIZATION_PREFERS_STRING_CATALOGS = YES;
				MTL_ENABLE_DEBUG_INFO = NO;
				MTL_FAST_MATH = YES;
				SDKROOT = iphoneos;
				SWIFT_COMPILATION_MODE = wholemodule;
				VALIDATE_PRODUCT = YES;
			};
			name = Release;
		};
		5C3258AC2C28EA1E00B46DB8 /* Debug */ = {
			isa = XCBuildConfiguration;
			buildSettings = {
				ASSETCATALOG_COMPILER_APPICON_NAME = AppIcon;
				ASSETCATALOG_COMPILER_GLOBAL_ACCENT_COLOR_NAME = AccentColor;
				CODE_SIGN_STYLE = Automatic;
				CURRENT_PROJECT_VERSION = 1;
				DEVELOPMENT_ASSET_PATHS = "\"testapp/Preview Content\"";
				DEVELOPMENT_TEAM = 3G62L885W9;
				ENABLE_PREVIEWS = YES;
				GENERATE_INFOPLIST_FILE = YES;
				INFOPLIST_FILE = testapp/Info.plist;
				INFOPLIST_KEY_NSCameraUsageDescription = "Takes photos";
				INFOPLIST_KEY_UIApplicationSceneManifest_Generation = YES;
				INFOPLIST_KEY_UIApplicationSupportsIndirectInputEvents = YES;
				INFOPLIST_KEY_UISupportedInterfaceOrientations_iPad = "UIInterfaceOrientationPortrait UIInterfaceOrientationPortraitUpsideDown UIInterfaceOrientationLandscapeLeft UIInterfaceOrientationLandscapeRight";
				INFOPLIST_KEY_UISupportedInterfaceOrientations_iPhone = "UIInterfaceOrientationPortrait UIInterfaceOrientationLandscapeLeft UIInterfaceOrientationLandscapeRight";
				LD_RUNPATH_SEARCH_PATHS = (
					"$(inherited)",
					"@executable_path/Frameworks",
				);
				MARKETING_VERSION = 1.0;
				PRODUCT_BUNDLE_IDENTIFIER = com.elise.testapp;
				PRODUCT_NAME = "$(TARGET_NAME)";
				SWIFT_EMIT_LOC_STRINGS = YES;
				SWIFT_VERSION = 5.0;
				TARGETED_DEVICE_FAMILY = "1,2";
			};
			name = Debug;
		};
		5C3258AD2C28EA1E00B46DB8 /* Release */ = {
			isa = XCBuildConfiguration;
			buildSettings = {
				ASSETCATALOG_COMPILER_APPICON_NAME = AppIcon;
				ASSETCATALOG_COMPILER_GLOBAL_ACCENT_COLOR_NAME = AccentColor;
				CODE_SIGN_STYLE = Automatic;
				CURRENT_PROJECT_VERSION = 1;
				DEVELOPMENT_ASSET_PATHS = "\"testapp/Preview Content\"";
				DEVELOPMENT_TEAM = 3G62L885W9;
				ENABLE_PREVIEWS = YES;
				GENERATE_INFOPLIST_FILE = YES;
				INFOPLIST_FILE = testapp/Info.plist;
				INFOPLIST_KEY_NSCameraUsageDescription = "Takes photos";
				INFOPLIST_KEY_UIApplicationSceneManifest_Generation = YES;
				INFOPLIST_KEY_UIApplicationSupportsIndirectInputEvents = YES;
				INFOPLIST_KEY_UISupportedInterfaceOrientations_iPad = "UIInterfaceOrientationPortrait UIInterfaceOrientationPortraitUpsideDown UIInterfaceOrientationLandscapeLeft UIInterfaceOrientationLandscapeRight";
				INFOPLIST_KEY_UISupportedInterfaceOrientations_iPhone = "UIInterfaceOrientationPortrait UIInterfaceOrientationLandscapeLeft UIInterfaceOrientationLandscapeRight";
				LD_RUNPATH_SEARCH_PATHS = (
					"$(inherited)",
					"@executable_path/Frameworks",
				);
				MARKETING_VERSION = 1.0;
				PRODUCT_BUNDLE_IDENTIFIER = com.elise.testapp;
				PRODUCT_NAME = "$(TARGET_NAME)";
				SWIFT_EMIT_LOC_STRINGS = YES;
				SWIFT_VERSION = 5.0;
				TARGETED_DEVICE_FAMILY = "1,2";
			};
			name = Release;
		};
		5C3258AF2C28EA1E00B46DB8 /* Debug */ = {
			isa = XCBuildConfiguration;
			buildSettings = {
				ALWAYS_EMBED_SWIFT_STANDARD_LIBRARIES = YES;
				BUNDLE_LOADER = "$(TEST_HOST)";
				CODE_SIGN_STYLE = Automatic;
				CURRENT_PROJECT_VERSION = 1;
				DEVELOPMENT_TEAM = 3G62L885W9;
				GENERATE_INFOPLIST_FILE = YES;
				IPHONEOS_DEPLOYMENT_TARGET = 17.2;
				MARKETING_VERSION = 1.0;
				PRODUCT_BUNDLE_IDENTIFIER = com.elise.testappTests;
				PRODUCT_NAME = "$(TARGET_NAME)";
				SWIFT_EMIT_LOC_STRINGS = NO;
				SWIFT_VERSION = 5.0;
				TARGETED_DEVICE_FAMILY = "1,2";
				TEST_HOST = "$(BUILT_PRODUCTS_DIR)/testapp.app/$(BUNDLE_EXECUTABLE_FOLDER_PATH)/testapp";
			};
			name = Debug;
		};
		5C3258B02C28EA1E00B46DB8 /* Release */ = {
			isa = XCBuildConfiguration;
			buildSettings = {
				ALWAYS_EMBED_SWIFT_STANDARD_LIBRARIES = YES;
				BUNDLE_LOADER = "$(TEST_HOST)";
				CODE_SIGN_STYLE = Automatic;
				CURRENT_PROJECT_VERSION = 1;
				DEVELOPMENT_TEAM = 3G62L885W9;
				GENERATE_INFOPLIST_FILE = YES;
				IPHONEOS_DEPLOYMENT_TARGET = 17.2;
				MARKETING_VERSION = 1.0;
				PRODUCT_BUNDLE_IDENTIFIER = com.elise.testappTests;
				PRODUCT_NAME = "$(TARGET_NAME)";
				SWIFT_EMIT_LOC_STRINGS = NO;
				SWIFT_VERSION = 5.0;
				TARGETED_DEVICE_FAMILY = "1,2";
				TEST_HOST = "$(BUILT_PRODUCTS_DIR)/testapp.app/$(BUNDLE_EXECUTABLE_FOLDER_PATH)/testapp";
			};
			name = Release;
		};
		5C3258B22C28EA1E00B46DB8 /* Debug */ = {
			isa = XCBuildConfiguration;
			buildSettings = {
				ALWAYS_EMBED_SWIFT_STANDARD_LIBRARIES = YES;
				CODE_SIGN_STYLE = Automatic;
				CURRENT_PROJECT_VERSION = 1;
				DEVELOPMENT_TEAM = 3G62L885W9;
				GENERATE_INFOPLIST_FILE = YES;
				MARKETING_VERSION = 1.0;
				PRODUCT_BUNDLE_IDENTIFIER = com.elise.testappUITests;
				PRODUCT_NAME = "$(TARGET_NAME)";
				SWIFT_EMIT_LOC_STRINGS = NO;
				SWIFT_VERSION = 5.0;
				TARGETED_DEVICE_FAMILY = "1,2";
				TEST_TARGET_NAME = testapp;
			};
			name = Debug;
		};
		5C3258B32C28EA1E00B46DB8 /* Release */ = {
			isa = XCBuildConfiguration;
			buildSettings = {
				ALWAYS_EMBED_SWIFT_STANDARD_LIBRARIES = YES;
				CODE_SIGN_STYLE = Automatic;
				CURRENT_PROJECT_VERSION = 1;
				DEVELOPMENT_TEAM = 3G62L885W9;
				GENERATE_INFOPLIST_FILE = YES;
				MARKETING_VERSION = 1.0;
				PRODUCT_BUNDLE_IDENTIFIER = com.elise.testappUITests;
				PRODUCT_NAME = "$(TARGET_NAME)";
				SWIFT_EMIT_LOC_STRINGS = NO;
				SWIFT_VERSION = 5.0;
				TARGETED_DEVICE_FAMILY = "1,2";
				TEST_TARGET_NAME = testapp;
			};
			name = Release;
		};
/* End XCBuildConfiguration section */

/* Begin XCConfigurationList section */
		5C3258822C28EA1D00B46DB8 /* Build configuration list for PBXProject "testapp" */ = {
			isa = XCConfigurationList;
			buildConfigurations = (
				5C3258A92C28EA1E00B46DB8 /* Debug */,
				5C3258AA2C28EA1E00B46DB8 /* Release */,
			);
			defaultConfigurationIsVisible = 0;
			defaultConfigurationName = Release;
		};
		5C3258AB2C28EA1E00B46DB8 /* Build configuration list for PBXNativeTarget "testapp" */ = {
			isa = XCConfigurationList;
			buildConfigurations = (
				5C3258AC2C28EA1E00B46DB8 /* Debug */,
				5C3258AD2C28EA1E00B46DB8 /* Release */,
			);
			defaultConfigurationIsVisible = 0;
			defaultConfigurationName = Release;
		};
		5C3258AE2C28EA1E00B46DB8 /* Build configuration list for PBXNativeTarget "testappTests" */ = {
			isa = XCConfigurationList;
			buildConfigurations = (
				5C3258AF2C28EA1E00B46DB8 /* Debug */,
				5C3258B02C28EA1E00B46DB8 /* Release */,
			);
			defaultConfigurationIsVisible = 0;
			defaultConfigurationName = Release;
		};
		5C3258B12C28EA1E00B46DB8 /* Build configuration list for PBXNativeTarget "testappUITests" */ = {
			isa = XCConfigurationList;
			buildConfigurations = (
				5C3258B22C28EA1E00B46DB8 /* Debug */,
				5C3258B32C28EA1E00B46DB8 /* Release */,
			);
			defaultConfigurationIsVisible = 0;
			defaultConfigurationName = Release;
		};
/* End XCConfigurationList section */

/* Begin XCRemoteSwiftPackageReference section */
		75F8FD002C569943006A3378 /* XCRemoteSwiftPackageReference "OpenAI" */ = {
			isa = XCRemoteSwiftPackageReference;
			repositoryURL = "https://github.com/MacPaw/OpenAI";
			requirement = {
				kind = upToNextMajorVersion;
				minimumVersion = 0.3.0;
			};
		};
/* End XCRemoteSwiftPackageReference section */

/* Begin XCSwiftPackageProductDependency section */
		75F8FD022C569953006A3378 /* OpenAI */ = {
			isa = XCSwiftPackageProductDependency;
			package = 75F8FD002C569943006A3378 /* XCRemoteSwiftPackageReference "OpenAI" */;
			productName = OpenAI;
		};
/* End XCSwiftPackageProductDependency section */
	};
	rootObject = 5C32587F2C28EA1D00B46DB8 /* Project object */;
}
